
Microsoft Visual Studio Solution File, Format Version 12.00
# Visual Studio Version 17
VisualStudioVersion = 17.13.35919.96
MinimumVisualStudioVersion = 10.0.40219.1
Project("{FAE04EC0-301F-11D3-BF4B-00C04F79EFBC}") = "CuratorJournal.Desktop", "CuratorJournal.Desktop\CuratorJournal.Desktop.csproj", "{582A81B6-D124-55C3-DECB-172BAC88280D}"
EndProject
Project("{FAE04EC0-301F-11D3-BF4B-00C04F79EFBC}") = "CuratorJournal.DataAccess", "CuratorJournal.DataAccess\CuratorJournal.DataAccess.csproj", "{936B1A9E-3E1C-6F7D-B13E-B8325AB39630}"
EndProject
Project("{FAE04EC0-301F-11D3-BF4B-00C04F79EFBC}") = "CuratorJournal.Api", "CuratorJournal.Api\CuratorJournal.Api.csproj", "{EF24CF9B-32CF-4EBF-968C-E469F76F6367}"
EndProject
Global
	GlobalSection(SolutionConfigurationPlatforms) = preSolution
		Debug|Any CPU = Debug|Any CPU
		Debug|x64 = Debug|x64
		Debug|x86 = Debug|x86
		Release|Any CPU = Release|Any CPU
		Release|x64 = Release|x64
		Release|x86 = Release|x86
	EndGlobalSection
	GlobalSection(ProjectConfigurationPlatforms) = postSolution
		{582A81B6-D124-55C3-DECB-172BAC88280D}.Debug|Any CPU.ActiveCfg = Debug|Any CPU
		{582A81B6-D124-55C3-DECB-172BAC88280D}.Debug|Any CPU.Build.0 = Debug|Any CPU
		{582A81B6-D124-55C3-DECB-172BAC88280D}.Debug|x64.ActiveCfg = Debug|Any CPU
		{582A81B6-D124-55C3-DECB-172BAC88280D}.Debug|x64.Build.0 = Debug|Any CPU
		{582A81B6-D124-55C3-DECB-172BAC88280D}.Debug|x86.ActiveCfg = Debug|Any CPU
		{582A81B6-D124-55C3-DECB-172BAC88280D}.Debug|x86.Build.0 = Debug|Any CPU
		{582A81B6-D124-55C3-DECB-172BAC88280D}.Release|Any CPU.ActiveCfg = Release|Any CPU
		{582A81B6-D124-55C3-DECB-172BAC88280D}.Release|Any CPU.Build.0 = Release|Any CPU
		{582A81B6-D124-55C3-DECB-172BAC88280D}.Release|x64.ActiveCfg = Release|Any CPU
		{582A81B6-D124-55C3-DECB-172BAC88280D}.Release|x64.Build.0 = Release|Any CPU
		{582A81B6-D124-55C3-DECB-172BAC88280D}.Release|x86.ActiveCfg = Release|Any CPU
		{582A81B6-D124-55C3-DECB-172BAC88280D}.Release|x86.Build.0 = Release|Any CPU
		{936B1A9E-3E1C-6F7D-B13E-B8325AB39630}.Debug|Any CPU.ActiveCfg = Debug|Any CPU
		{936B1A9E-3E1C-6F7D-B13E-B8325AB39630}.Debug|Any CPU.Build.0 = Debug|Any CPU
		{936B1A9E-3E1C-6F7D-B13E-B8325AB39630}.Debug|x64.ActiveCfg = Debug|Any CPU
		{936B1A9E-3E1C-6F7D-B13E-B8325AB39630}.Debug|x64.Build.0 = Debug|Any CPU
		{936B1A9E-3E1C-6F7D-B13E-B8325AB39630}.Debug|x86.ActiveCfg = Debug|Any CPU
		{936B1A9E-3E1C-6F7D-B13E-B8325AB39630}.Debug|x86.Build.0 = Debug|Any CPU
		{936B1A9E-3E1C-6F7D-B13E-B8325AB39630}.Release|Any CPU.ActiveCfg = Release|Any CPU
		{936B1A9E-3E1C-6F7D-B13E-B8325AB39630}.Release|Any CPU.Build.0 = Release|Any CPU
		{936B1A9E-3E1C-6F7D-B13E-B8325AB39630}.Release|x64.ActiveCfg = Release|Any CPU
		{936B1A9E-3E1C-6F7D-B13E-B8325AB39630}.Release|x64.Build.0 = Release|Any CPU
		{936B1A9E-3E1C-6F7D-B13E-B8325AB39630}.Release|x86.ActiveCfg = Release|Any CPU
		{936B1A9E-3E1C-6F7D-B13E-B8325AB39630}.Release|x86.Build.0 = Release|Any CPU
		{EF24CF9B-32CF-4EBF-968C-E469F76F6367}.Debug|Any CPU.ActiveCfg = Debug|Any CPU
		{EF24CF9B-32CF-4EBF-968C-E469F76F6367}.Debug|Any CPU.Build.0 = Debug|Any CPU
		{EF24CF9B-32CF-4EBF-968C-E469F76F6367}.Debug|x64.ActiveCfg = Debug|Any CPU
		{EF24CF9B-32CF-4EBF-968C-E469F76F6367}.Debug|x64.Build.0 = Debug|Any CPU
		{EF24CF9B-32CF-4EBF-968C-E469F76F6367}.Debug|x86.ActiveCfg = Debug|Any CPU
		{EF24CF9B-32CF-4EBF-968C-E469F76F6367}.Debug|x86.Build.0 = Debug|Any CPU
		{EF24CF9B-32CF-4EBF-968C-E469F76F6367}.Release|Any CPU.ActiveCfg = Release|Any CPU
		{EF24CF9B-32CF-4EBF-968C-E469F76F6367}.Release|Any CPU.Build.0 = Release|Any CPU
		{EF24CF9B-32CF-4EBF-968C-E469F76F6367}.Release|x64.ActiveCfg = Release|Any CPU
		{EF24CF9B-32CF-4EBF-968C-E469F76F6367}.Release|x64.Build.0 = Release|Any CPU
		{EF24CF9B-32CF-4EBF-968C-E469F76F6367}.Release|x86.ActiveCfg = Release|Any CPU
		{EF24CF9B-32CF-4EBF-968C-E469F76F6367}.Release|x86.Build.0 = Release|Any CPU
	EndGlobalSection
	GlobalSection(SolutionProperties) = preSolution
		HideSolutionNode = FALSE
	EndGlobalSection
	GlobalSection(ExtensibilityGlobals) = postSolution
		SolutionGuid = {62D6D94D-1B6B-4640-89F9-A8B72DA67384}
	EndGlobalSection
EndGlobal
