
Microsoft Visual Studio Solution File, Format Version 12.00
# Visual Studio Version 17
VisualStudioVersion = 17.12.35521.163
MinimumVisualStudioVersion = 10.0.40219.1
Project("{FAE04EC0-301F-11D3-BF4B-00C04F79EFBC}") = "CuratorJournal.Desktop", "CuratorJournal.Desktop\CuratorJournal.Desktop.csproj", "{25E88091-21B9-4F13-968C-620F2390C05F}"
EndProject
Project("{FAE04EC0-301F-11D3-BF4B-00C04F79EFBC}") = "CuratorJournal.DataAccess", "CuratorJournal.DataAccess\CuratorJournal.DataAccess.csproj", "{900AC8DC-276E-415C-BCC3-BF1ADE32AFBA}"
EndProject
Project("{FAE04EC0-301F-11D3-BF4B-00C04F79EFBC}") = "CuratorJournal.API", "CuratorJournal.API\CuratorJournal.API.csproj", "{43E23789-1A14-47FF-A874-6D0A370B7503}"
EndProject
Project("{FAE04EC0-301F-11D3-BF4B-00C04F79EFBC}") = "CuratorJournal.Tests", "CuratorJournal.Tests\CuratorJournal.Tests.csproj", "{1709811D-52EB-42EC-BD72-D1B4328A24AB}"
EndProject
Global
	GlobalSection(SolutionConfigurationPlatforms) = preSolution
		Debug|Any CPU = Debug|Any CPU
		Release|Any CPU = Release|Any CPU
	EndGlobalSection
	GlobalSection(ProjectConfigurationPlatforms) = postSolution
		{25E88091-21B9-4F13-968C-620F2390C05F}.Debug|Any CPU.ActiveCfg = Debug|Any CPU
		{25E88091-21B9-4F13-968C-620F2390C05F}.Debug|Any CPU.Build.0 = Debug|Any CPU
		{25E88091-21B9-4F13-968C-620F2390C05F}.Release|Any CPU.ActiveCfg = Release|Any CPU
		{25E88091-21B9-4F13-968C-620F2390C05F}.Release|Any CPU.Build.0 = Release|Any CPU
		{900AC8DC-276E-415C-BCC3-BF1ADE32AFBA}.Debug|Any CPU.ActiveCfg = Debug|Any CPU
		{900AC8DC-276E-415C-BCC3-BF1ADE32AFBA}.Debug|Any CPU.Build.0 = Debug|Any CPU
		{900AC8DC-276E-415C-BCC3-BF1ADE32AFBA}.Release|Any CPU.ActiveCfg = Release|Any CPU
		{900AC8DC-276E-415C-BCC3-BF1ADE32AFBA}.Release|Any CPU.Build.0 = Release|Any CPU
		{43E23789-1A14-47FF-A874-6D0A370B7503}.Debug|Any CPU.ActiveCfg = Debug|Any CPU
		{43E23789-1A14-47FF-A874-6D0A370B7503}.Debug|Any CPU.Build.0 = Debug|Any CPU
		{43E23789-1A14-47FF-A874-6D0A370B7503}.Release|Any CPU.ActiveCfg = Release|Any CPU
		{43E23789-1A14-47FF-A874-6D0A370B7503}.Release|Any CPU.Build.0 = Release|Any CPU
		{1709811D-52EB-42EC-BD72-D1B4328A24AB}.Debug|Any CPU.ActiveCfg = Debug|Any CPU
		{1709811D-52EB-42EC-BD72-D1B4328A24AB}.Debug|Any CPU.Build.0 = Debug|Any CPU
		{1709811D-52EB-42EC-BD72-D1B4328A24AB}.Release|Any CPU.ActiveCfg = Release|Any CPU
		{1709811D-52EB-42EC-BD72-D1B4328A24AB}.Release|Any CPU.Build.0 = Release|Any CPU
	EndGlobalSection
	GlobalSection(SolutionProperties) = preSolution
		HideSolutionNode = FALSE
	EndGlobalSection
EndGlobal
